
Microsoft Visual Studio Solution File, Format Version 12.00
# Visual Studio Version 17
VisualStudioVersion = 17.10.34928.147
MinimumVisualStudioVersion = 10.0.40219.1
Project("{FAE04EC0-301F-11D3-BF4B-00C04F79EFBC}") = "Examen_2", "Examen_2\Examen_2.csproj", "{BF32B41A-EF41-4673-AEA9-A7A11AF6A01B}"
EndProject
Global
	GlobalSection(SolutionConfigurationPlatforms) = preSolution
		Debug|Any CPU = Debug|Any CPU
		Release|Any CPU = Release|Any CPU
	EndGlobalSection
	GlobalSection(ProjectConfigurationPlatforms) = postSolution
		{BF32B41A-EF41-4673-AEA9-A7A11AF6A01B}.Debug|Any CPU.ActiveCfg = Debug|Any CPU
		{BF32B41A-EF41-4673-AEA9-A7A11AF6A01B}.Debug|Any CPU.Build.0 = Debug|Any CPU
		{BF32B41A-EF41-4673-AEA9-A7A11AF6A01B}.Release|Any CPU.ActiveCfg = Release|Any CPU
		{BF32B41A-EF41-4673-AEA9-A7A11AF6A01B}.Release|Any CPU.Build.0 = Release|Any CPU
	EndGlobalSection
	GlobalSection(SolutionProperties) = preSolution
		HideSolutionNode = FALSE
	EndGlobalSection
	GlobalSection(ExtensibilityGlobals) = postSolution
		SolutionGuid = {119BF34E-D16B-481D-85C0-3A327092351A}
	EndGlobalSection
EndGlobal
